<Solution>
  <Folder Name="/MemoAna/" />
  <Folder Name="/MemoAna/.github/" />
  <Folder Name="/MemoAna/.github/workflows/">
    <File Path=".github/workflows/ci-ct-cd.yml" />
    <File Path=".github/workflows/deploy-pages.yml" />
  </Folder>
  <Folder Name="/MemoAna/docs/">
    <File Path="docs/project-architecture.md" />
  </Folder>
  <Folder Name="/MemoAna/scripts/">
    <File Path="adb.ps1" />
    <File Path="scripts/gen-cert.ps1" />
    <File Path="scripts/migrate.ps1" />
    <File Path="scripts/postgres.ps1" />
  </Folder>
  <Folder Name="/MemoAna/src/">
    <Folder Name="/MemoAna/src/app/" />
    <Project Path="docker-compose.dcproj">
      <Build />
    </Project>
  </Folder>
  <Folder Name="/MemoAna/src/app/">
    <Project Path="src/app/MemoAna/MemoAna.csproj" Id="7d268e1d-f67e-4041-9e69-dfe645313218">
      <Deploy Solution="Debug|*" />
    </Project>
  </Folder>
  <Folder Name="/MemoAna/tests/" />
  <Folder Name="/MemoAna/tests/app/" />
</Solution>
